
Microsoft Visual Studio Solution File, Format Version 12.00
# Visual Studio 15
VisualStudioVersion = 15.0.28307.168
MinimumVisualStudioVersion = 10.0.40219.1
Project("{A0786B88-2ADB-4C21-ABE8-AA2D79766269}") = "oc_projet5", "oc_projet5.phpproj", "{A76E4731-A85A-447A-A71A-D6213410BABD}"
EndProject
Global
	GlobalSection(SolutionConfigurationPlatforms) = preSolution
		Debug|Any CPU = Debug|Any CPU
		Release|Any CPU = Release|Any CPU
	EndGlobalSection
	GlobalSection(ProjectConfigurationPlatforms) = postSolution
		{A76E4731-A85A-447A-A71A-D6213410BABD}.Debug|Any CPU.ActiveCfg = Debug|Any CPU
		{A76E4731-A85A-447A-A71A-D6213410BABD}.Release|Any CPU.ActiveCfg = Release|Any CPU
	EndGlobalSection
	GlobalSection(SolutionProperties) = preSolution
		HideSolutionNode = FALSE
	EndGlobalSection
	GlobalSection(ExtensibilityGlobals) = postSolution
		SolutionGuid = {E2A3C130-A070-4A06-B07A-EE850FFF5F20}
	EndGlobalSection
EndGlobal
